// !$*UTF8*$!
{
	archiveVersion = 1;
	classes = {
	};
	objectVersion = 77;
	objects = {

/* Begin PBXBuildFile section */
		A10000000000000000000001 /* BiliModels in Frameworks */ = {isa = PBXBuildFile; productRef = A10000000000000000000011 /* BiliModels */; };
		A10000000000000000000002 /* BiliNetworking in Frameworks */ = {isa = PBXBuildFile; productRef = A10000000000000000000012 /* BiliNetworking */; };
		A10000000000000000000003 /* BiliPlayback in Frameworks */ = {isa = PBXBuildFile; productRef = A10000000000000000000013 /* BiliPlayback */; };
/* End PBXBuildFile section */

/* Begin PBXContainerItemProxy section */
		8DFA900F300F375600DF3E1D /* PBXContainerItemProxy */ = {
			isa = PBXContainerItemProxy;
			containerPortal = 8DFA8FF9300F375500DF3E1D /* Project object */;
			proxyType = 1;
			remoteGlobalIDString = 8DFA9000300F375500DF3E1D;
			remoteInfo = BiliKitMac;
		};
		8DFA9019300F375600DF3E1D /* PBXContainerItemProxy */ = {
			isa = PBXContainerItemProxy;
			containerPortal = 8DFA8FF9300F375500DF3E1D /* Project object */;
			proxyType = 1;
			remoteGlobalIDString = 8DFA9000300F375500DF3E1D;
			remoteInfo = BiliKitMac;
		};
/* End PBXContainerItemProxy section */

/* Begin PBXFileReference section */
		8DFA9001300F375500DF3E1D /* BiliKit.app */ = {isa = PBXFileReference; explicitFileType = wrapper.application; includeInIndex = 0; path = BiliKit.app; sourceTree = BUILT_PRODUCTS_DIR; };
		8DFA900E300F375600DF3E1D /* BiliKitMacTests.xctest */ = {isa = PBXFileReference; explicitFileType = wrapper.cfbundle; includeInIndex = 0; path = BiliKitMacTests.xctest; sourceTree = BUILT_PRODUCTS_DIR; };
		8DFA9018300F375600DF3E1D /* BiliKitMacUITests.xctest */ = {isa = PBXFileReference; explicitFileType = wrapper.cfbundle; includeInIndex = 0; path = BiliKitMacUITests.xctest; sourceTree = BUILT_PRODUCTS_DIR; };
/* End PBXFileReference section */

/* Begin PBXFileSystemSynchronizedRootGroup section */
		8DFA9003300F375500DF3E1D /* BiliKitMac */ = {
			isa = PBXFileSystemSynchronizedRootGroup;
			path = BiliKitMac;
			sourceTree = "<group>";
		};
		8DFA9011300F375600DF3E1D /* BiliKitMacTests */ = {
			isa = PBXFileSystemSynchronizedRootGroup;
			path = BiliKitMacTests;
			sourceTree = "<group>";
		};
		8DFA901B300F375600DF3E1D /* BiliKitMacUITests */ = {
			isa = PBXFileSystemSynchronizedRootGroup;
			path = BiliKitMacUITests;
			sourceTree = "<group>";
		};
		8DFA902B300F37DA00DF3E1D /* docs */ = {
			isa = PBXFileSystemSynchronizedRootGroup;
			path = docs;
			sourceTree = "<group>";
		};
		8DFA902D300F383F00DF3E1D /* references */ = {
			isa = PBXFileSystemSynchronizedRootGroup;
			path = references;
			sourceTree = "<group>";
		};
/* End PBXFileSystemSynchronizedRootGroup section */

/* Begin PBXFrameworksBuildPhase section */
		8DFA8FFE300F375500DF3E1D /* Frameworks */ = {
			isa = PBXFrameworksBuildPhase;
			buildActionMask = 2147483647;
			files = (
				A10000000000000000000003 /* BiliPlayback in Frameworks */,
				A10000000000000000000002 /* BiliNetworking in Frameworks */,
				A10000000000000000000001 /* BiliModels in Frameworks */,
			);
			runOnlyForDeploymentPostprocessing = 0;
		};
		8DFA900B300F375600DF3E1D /* Frameworks */ = {
			isa = PBXFrameworksBuildPhase;
			buildActionMask = 2147483647;
			files = (
			);
			runOnlyForDeploymentPostprocessing = 0;
		};
		8DFA9015300F375600DF3E1D /* Frameworks */ = {
			isa = PBXFrameworksBuildPhase;
			buildActionMask = 2147483647;
			files = (
			);
			runOnlyForDeploymentPostprocessing = 0;
		};
/* End PBXFrameworksBuildPhase section */

/* Begin PBXGroup section */
		8DFA8FF8300F375500DF3E1D = {
			isa = PBXGroup;
			children = (
				8DFA902D300F383F00DF3E1D /* references */,
				8DFA902B300F37DA00DF3E1D /* docs */,
				8DFA9003300F375500DF3E1D /* BiliKitMac */,
				8DFA9011300F375600DF3E1D /* BiliKitMacTests */,
				8DFA901B300F375600DF3E1D /* BiliKitMacUITests */,
				8DFA9002300F375500DF3E1D /* Products */,
			);
			sourceTree = "<group>";
		};
		8DFA9002300F375500DF3E1D /* Products */ = {
			isa = PBXGroup;
			children = (
				8DFA9001300F375500DF3E1D /* BiliKit.app */,
				8DFA900E300F375600DF3E1D /* BiliKitMacTests.xctest */,
				8DFA9018300F375600DF3E1D /* BiliKitMacUITests.xctest */,
			);
			name = Products;
			sourceTree = "<group>";
		};
/* End PBXGroup section */

/* Begin PBXNativeTarget section */
		8DFA9000300F375500DF3E1D /* BiliKitMac */ = {
			isa = PBXNativeTarget;
			buildConfigurationList = 8DFA9022300F375600DF3E1D /* Build configuration list for PBXNativeTarget "BiliKitMac" */;
			buildPhases = (
				8DFA8FFD300F375500DF3E1D /* Sources */,
				8DFA8FFE300F375500DF3E1D /* Frameworks */,
				8DFA8FFF300F375500DF3E1D /* Resources */,
			);
			buildRules = (
			);
			dependencies = (
			);
			fileSystemSynchronizedGroups = (
				8DFA9003300F375500DF3E1D /* BiliKitMac */,
			);
			name = BiliKitMac;
			packageProductDependencies = (
				A10000000000000000000011 /* BiliModels */,
				A10000000000000000000012 /* BiliNetworking */,
				A10000000000000000000013 /* BiliPlayback */,
			);
			productName = BiliKitMac;
			productReference = 8DFA9001300F375500DF3E1D /* BiliKit.app */;
			productType = "com.apple.product-type.application";
		};
		8DFA900D300F375600DF3E1D /* BiliKitMacTests */ = {
			isa = PBXNativeTarget;
			buildConfigurationList = 8DFA9025300F375600DF3E1D /* Build configuration list for PBXNativeTarget "BiliKitMacTests" */;
			buildPhases = (
				8DFA900A300F375600DF3E1D /* Sources */,
				8DFA900B300F375600DF3E1D /* Frameworks */,
				8DFA900C300F375600DF3E1D /* Resources */,
			);
			buildRules = (
			);
			dependencies = (
				8DFA9010300F375600DF3E1D /* PBXTargetDependency */,
			);
			fileSystemSynchronizedGroups = (
				8DFA9011300F375600DF3E1D /* BiliKitMacTests */,
			);
			name = BiliKitMacTests;
			packageProductDependencies = (
			);
			productName = BiliKitMacTests;
			productReference = 8DFA900E300F375600DF3E1D /* BiliKitMacTests.xctest */;
			productType = "com.apple.product-type.bundle.unit-test";
		};
		8DFA9017300F375600DF3E1D /* BiliKitMacUITests */ = {
			isa = PBXNativeTarget;
			buildConfigurationList = 8DFA9028300F375600DF3E1D /* Build configuration list for PBXNativeTarget "BiliKitMacUITests" */;
			buildPhases = (
				8DFA9014300F375600DF3E1D /* Sources */,
				8DFA9015300F375600DF3E1D /* Frameworks */,
				8DFA9016300F375600DF3E1D /* Resources */,
			);
			buildRules = (
			);
			dependencies = (
				8DFA901A300F375600DF3E1D /* PBXTargetDependency */,
			);
			fileSystemSynchronizedGroups = (
				8DFA901B300F375600DF3E1D /* BiliKitMacUITests */,
			);
			name = BiliKitMacUITests;
			packageProductDependencies = (
			);
			productName = BiliKitMacUITests;
			productReference = 8DFA9018300F375600DF3E1D /* BiliKitMacUITests.xctest */;
			productType = "com.apple.product-type.bundle.ui-testing";
		};
/* End PBXNativeTarget section */

/* Begin PBXProject section */
		8DFA8FF9300F375500DF3E1D /* Project object */ = {
			isa = PBXProject;
			attributes = {
				BuildIndependentTargetsInParallel = 1;
				LastSwiftUpdateCheck = 2660;
				LastUpgradeCheck = 2660;
				TargetAttributes = {
					8DFA9000300F375500DF3E1D = {
						CreatedOnToolsVersion = 26.6;
					};
					8DFA900D300F375600DF3E1D = {
						CreatedOnToolsVersion = 26.6;
						TestTargetID = 8DFA9000300F375500DF3E1D;
					};
					8DFA9017300F375600DF3E1D = {
						CreatedOnToolsVersion = 26.6;
						TestTargetID = 8DFA9000300F375500DF3E1D;
					};
				};
			};
			buildConfigurationList = 8DFA8FFC300F375500DF3E1D /* Build configuration list for PBXProject "BiliKitMac" */;
			developmentRegion = en;
			hasScannedForEncodings = 0;
			knownRegions = (
				en,
				Base,
			);
			mainGroup = 8DFA8FF8300F375500DF3E1D;
			minimizedProjectReferenceProxies = 1;
			packageReferences = (
				A10000000000000000000020 /* XCLocalSwiftPackageReference "Packages/BiliKitCore" */,
			);
			preferredProjectObjectVersion = 77;
			productRefGroup = 8DFA9002300F375500DF3E1D /* Products */;
			projectDirPath = "";
			projectRoot = "";
			targets = (
				8DFA9000300F375500DF3E1D /* BiliKitMac */,
				8DFA900D300F375600DF3E1D /* BiliKitMacTests */,
				8DFA9017300F375600DF3E1D /* BiliKitMacUITests */,
			);
		};
/* End PBXProject section */

/* Begin PBXResourcesBuildPhase section */
		8DFA8FFF300F375500DF3E1D /* Resources */ = {
			isa = PBXResourcesBuildPhase;
			buildActionMask = 2147483647;
			files = (
			);
			runOnlyForDeploymentPostprocessing = 0;
		};
		8DFA900C300F375600DF3E1D /* Resources */ = {
			isa = PBXResourcesBuildPhase;
			buildActionMask = 2147483647;
			files = (
			);
			runOnlyForDeploymentPostprocessing = 0;
		};
		8DFA9016300F375600DF3E1D /* Resources */ = {
			isa = PBXResourcesBuildPhase;
			buildActionMask = 2147483647;
			files = (
			);
			runOnlyForDeploymentPostprocessing = 0;
		};
/* End PBXResourcesBuildPhase section */

/* Begin PBXSourcesBuildPhase section */
		8DFA8FFD300F375500DF3E1D /* Sources */ = {
			isa = PBXSourcesBuildPhase;
			buildActionMask = 2147483647;
			files = (
			);
			runOnlyForDeploymentPostprocessing = 0;
		};
		8DFA900A300F375600DF3E1D /* Sources */ = {
			isa = PBXSourcesBuildPhase;
			buildActionMask = 2147483647;
			files = (
			);
			runOnlyForDeploymentPostprocessing = 0;
		};
		8DFA9014300F375600DF3E1D /* Sources */ = {
			isa = PBXSourcesBuildPhase;
			buildActionMask = 2147483647;
			files = (
			);
			runOnlyForDeploymentPostprocessing = 0;
		};
/* End PBXSourcesBuildPhase section */

/* Begin PBXTargetDependency section */
		8DFA9010300F375600DF3E1D /* PBXTargetDependency */ = {
			isa = PBXTargetDependency;
			target = 8DFA9000300F375500DF3E1D /* BiliKitMac */;
			targetProxy = 8DFA900F300F375600DF3E1D /* PBXContainerItemProxy */;
		};
		8DFA901A300F375600DF3E1D /* PBXTargetDependency */ = {
			isa = PBXTargetDependency;
			target = 8DFA9000300F375500DF3E1D /* BiliKitMac */;
			targetProxy = 8DFA9019300F375600DF3E1D /* PBXContainerItemProxy */;
		};
/* End PBXTargetDependency section */

/* Begin XCBuildConfiguration section */
		8DFA9020300F375600DF3E1D /* Debug */ = {
			isa = XCBuildConfiguration;
			buildSettings = {
				ALWAYS_SEARCH_USER_PATHS = NO;
				ASSETCATALOG_COMPILER_GENERATE_SWIFT_ASSET_SYMBOL_EXTENSIONS = YES;
				CLANG_ANALYZER_NONNULL = YES;
				CLANG_ANALYZER_NUMBER_OBJECT_CONVERSION = YES_AGGRESSIVE;
				CLANG_CXX_LANGUAGE_STANDARD = "gnu++20";
				CLANG_ENABLE_MODULES = YES;
				CLANG_ENABLE_OBJC_ARC = YES;
				CLANG_ENABLE_OBJC_WEAK = YES;
				CLANG_WARN_BLOCK_CAPTURE_AUTORELEASING = YES;
				CLANG_WARN_BOOL_CONVERSION = YES;
				CLANG_WARN_COMMA = YES;
				CLANG_WARN_CONSTANT_CONVERSION = YES;
				CLANG_WARN_DEPRECATED_OBJC_IMPLEMENTATIONS = YES;
				CLANG_WARN_DIRECT_OBJC_ISA_USAGE = YES_ERROR;
				CLANG_WARN_DOCUMENTATION_COMMENTS = YES;
				CLANG_WARN_EMPTY_BODY = YES;
				CLANG_WARN_ENUM_CONVERSION = YES;
				CLANG_WARN_INFINITE_RECURSION = YES;
				CLANG_WARN_INT_CONVERSION = YES;
				CLANG_WARN_NON_LITERAL_NULL_CONVERSION = YES;
				CLANG_WARN_OBJC_IMPLICIT_RETAIN_SELF = YES;
				CLANG_WARN_OBJC_LITERAL_CONVERSION = YES;
				CLANG_WARN_OBJC_ROOT_CLASS = YES_ERROR;
				CLANG_WARN_QUOTED_INCLUDE_IN_FRAMEWORK_HEADER = YES;
				CLANG_WARN_RANGE_LOOP_ANALYSIS = YES;
				CLANG_WARN_STRICT_PROTOTYPES = YES;
				CLANG_WARN_SUSPICIOUS_MOVE = YES;
				CLANG_WARN_UNGUARDED_AVAILABILITY = YES_AGGRESSIVE;
				CLANG_WARN_UNREACHABLE_CODE = YES;
				CLANG_WARN__DUPLICATE_METHOD_MATCH = YES;
				COPY_PHASE_STRIP = NO;
				DEBUG_INFORMATION_FORMAT = dwarf;
				DEVELOPMENT_TEAM = MH7TKWQMF7;
				ENABLE_STRICT_OBJC_MSGSEND = YES;
				ENABLE_TESTABILITY = YES;
				ENABLE_USER_SCRIPT_SANDBOXING = YES;
				GCC_C_LANGUAGE_STANDARD = gnu17;
				GCC_DYNAMIC_NO_PIC = NO;
				GCC_NO_COMMON_BLOCKS = YES;
				GCC_OPTIMIZATION_LEVEL = 0;
				GCC_PREPROCESSOR_DEFINITIONS = (
					"DEBUG=1",
					"$(inherited)",
				);
				GCC_WARN_64_TO_32_BIT_CONVERSION = YES;
				GCC_WARN_ABOUT_RETURN_TYPE = YES_ERROR;
				GCC_WARN_UNDECLARED_SELECTOR = YES;
				GCC_WARN_UNINITIALIZED_AUTOS = YES_AGGRESSIVE;
				GCC_WARN_UNUSED_FUNCTION = YES;
				GCC_WARN_UNUSED_VARIABLE = YES;
				LOCALIZATION_PREFERS_STRING_CATALOGS = YES;
				MACOSX_DEPLOYMENT_TARGET = 15.0;
				MTL_ENABLE_DEBUG_INFO = INCLUDE_SOURCE;
				MTL_FAST_MATH = YES;
				ONLY_ACTIVE_ARCH = YES;
				SDKROOT = macosx;
				SWIFT_ACTIVE_COMPILATION_CONDITIONS = "DEBUG $(inherited)";
				SWIFT_OPTIMIZATION_LEVEL = "-Onone";
			};
			name = Debug;
		};
		8DFA9021300F375600DF3E1D /* Release */ = {
			isa = XCBuildConfiguration;
			buildSettings = {
				ALWAYS_SEARCH_USER_PATHS = NO;
				ASSETCATALOG_COMPILER_GENERATE_SWIFT_ASSET_SYMBOL_EXTENSIONS = YES;
				CLANG_ANALYZER_NONNULL = YES;
				CLANG_ANALYZER_NUMBER_OBJECT_CONVERSION = YES_AGGRESSIVE;
				CLANG_CXX_LANGUAGE_STANDARD = "gnu++20";
				CLANG_ENABLE_MODULES = YES;
				CLANG_ENABLE_OBJC_ARC = YES;
				CLANG_ENABLE_OBJC_WEAK = YES;
				CLANG_WARN_BLOCK_CAPTURE_AUTORELEASING = YES;
				CLANG_WARN_BOOL_CONVERSION = YES;
				CLANG_WARN_COMMA = YES;
				CLANG_WARN_CONSTANT_CONVERSION = YES;
				CLANG_WARN_DEPRECATED_OBJC_IMPLEMENTATIONS = YES;
				CLANG_WARN_DIRECT_OBJC_ISA_USAGE = YES_ERROR;
				CLANG_WARN_DOCUMENTATION_COMMENTS = YES;
				CLANG_WARN_EMPTY_BODY = YES;
				CLANG_WARN_ENUM_CONVERSION = YES;
				CLANG_WARN_INFINITE_RECURSION = YES;
				CLANG_WARN_INT_CONVERSION = YES;
				CLANG_WARN_NON_LITERAL_NULL_CONVERSION = YES;
				CLANG_WARN_OBJC_IMPLICIT_RETAIN_SELF = YES;
				CLANG_WARN_OBJC_LITERAL_CONVERSION = YES;
				CLANG_WARN_OBJC_ROOT_CLASS = YES_ERROR;
				CLANG_WARN_QUOTED_INCLUDE_IN_FRAMEWORK_HEADER = YES;
				CLANG_WARN_RANGE_LOOP_ANALYSIS = YES;
				CLANG_WARN_STRICT_PROTOTYPES = YES;
				CLANG_WARN_SUSPICIOUS_MOVE = YES;
				CLANG_WARN_UNGUARDED_AVAILABILITY = YES_AGGRESSIVE;
				CLANG_WARN_UNREACHABLE_CODE = YES;
				CLANG_WARN__DUPLICATE_METHOD_MATCH = YES;
				COPY_PHASE_STRIP = NO;
				DEBUG_INFORMATION_FORMAT = "dwarf-with-dsym";
				DEVELOPMENT_TEAM = MH7TKWQMF7;
				ENABLE_NS_ASSERTIONS = NO;
				ENABLE_STRICT_OBJC_MSGSEND = YES;
				ENABLE_USER_SCRIPT_SANDBOXING = YES;
				GCC_C_LANGUAGE_STANDARD = gnu17;
				GCC_NO_COMMON_BLOCKS = YES;
				GCC_WARN_64_TO_32_BIT_CONVERSION = YES;
				GCC_WARN_ABOUT_RETURN_TYPE = YES_ERROR;
				GCC_WARN_UNDECLARED_SELECTOR = YES;
				GCC_WARN_UNINITIALIZED_AUTOS = YES_AGGRESSIVE;
				GCC_WARN_UNUSED_FUNCTION = YES;
				GCC_WARN_UNUSED_VARIABLE = YES;
				LOCALIZATION_PREFERS_STRING_CATALOGS = YES;
				MACOSX_DEPLOYMENT_TARGET = 15.0;
				MTL_ENABLE_DEBUG_INFO = NO;
				MTL_FAST_MATH = YES;
				SDKROOT = macosx;
				SWIFT_COMPILATION_MODE = wholemodule;
			};
			name = Release;
		};
		8DFA9023300F375600DF3E1D /* Debug */ = {
			isa = XCBuildConfiguration;
			buildSettings = {
				ASSETCATALOG_COMPILER_APPICON_NAME = AppIcon;
				ASSETCATALOG_COMPILER_GLOBAL_ACCENT_COLOR_NAME = AccentColor;
				CODE_SIGN_STYLE = Automatic;
				COMBINE_HIDPI_IMAGES = YES;
				CURRENT_PROJECT_VERSION = 1;
				DEVELOPMENT_TEAM = MH7TKWQMF7;
				ENABLE_APP_SANDBOX = YES;
				ENABLE_HARDENED_RUNTIME = YES;
				ENABLE_PREVIEWS = YES;
				ENABLE_USER_SELECTED_FILES = readonly;
				GENERATE_INFOPLIST_FILE = YES;
				INFOPLIST_KEY_NSHumanReadableCopyright = "";
				LD_RUNPATH_SEARCH_PATHS = (
					"$(inherited)",
					"@executable_path/../Frameworks",
				);
				MACOSX_DEPLOYMENT_TARGET = 15.0;
				MARKETING_VERSION = 1.0;
				PRODUCT_BUNDLE_IDENTIFIER = com.shiinayane.BiliKitMac;
				PRODUCT_NAME = BiliKit;
				REGISTER_APP_GROUPS = YES;
				STRING_CATALOG_GENERATE_SYMBOLS = YES;
				SWIFT_APPROACHABLE_CONCURRENCY = YES;
				SWIFT_DEFAULT_ACTOR_ISOLATION = nonisolated;
				SWIFT_EMIT_LOC_STRINGS = YES;
				SWIFT_UPCOMING_FEATURE_MEMBER_IMPORT_VISIBILITY = YES;
				SWIFT_VERSION = 6.0;
			};
			name = Debug;
		};
		8DFA9024300F375600DF3E1D /* Release */ = {
			isa = XCBuildConfiguration;
			buildSettings = {
				ASSETCATALOG_COMPILER_APPICON_NAME = AppIcon;
				ASSETCATALOG_COMPILER_GLOBAL_ACCENT_COLOR_NAME = AccentColor;
				CODE_SIGN_STYLE = Automatic;
				COMBINE_HIDPI_IMAGES = YES;
				CURRENT_PROJECT_VERSION = 1;
				DEVELOPMENT_TEAM = MH7TKWQMF7;
				ENABLE_APP_SANDBOX = YES;
				ENABLE_HARDENED_RUNTIME = YES;
				ENABLE_PREVIEWS = YES;
				ENABLE_USER_SELECTED_FILES = readonly;
				GENERATE_INFOPLIST_FILE = YES;
				INFOPLIST_KEY_NSHumanReadableCopyright = "";
				LD_RUNPATH_SEARCH_PATHS = (
					"$(inherited)",
					"@executable_path/../Frameworks",
				);
				MACOSX_DEPLOYMENT_TARGET = 15.0;
				MARKETING_VERSION = 1.0;
				PRODUCT_BUNDLE_IDENTIFIER = com.shiinayane.BiliKitMac;
				PRODUCT_NAME = BiliKit;
				REGISTER_APP_GROUPS = YES;
				STRING_CATALOG_GENERATE_SYMBOLS = YES;
				SWIFT_APPROACHABLE_CONCURRENCY = YES;
				SWIFT_DEFAULT_ACTOR_ISOLATION = nonisolated;
				SWIFT_EMIT_LOC_STRINGS = YES;
				SWIFT_UPCOMING_FEATURE_MEMBER_IMPORT_VISIBILITY = YES;
				SWIFT_VERSION = 6.0;
			};
			name = Release;
		};
		8DFA9026300F375600DF3E1D /* Debug */ = {
			isa = XCBuildConfiguration;
			buildSettings = {
				BUNDLE_LOADER = "$(TEST_HOST)";
				CODE_SIGN_STYLE = Automatic;
				CURRENT_PROJECT_VERSION = 1;
				DEVELOPMENT_TEAM = MH7TKWQMF7;
				GENERATE_INFOPLIST_FILE = YES;
				MACOSX_DEPLOYMENT_TARGET = 15.0;
				MARKETING_VERSION = 1.0;
				PRODUCT_BUNDLE_IDENTIFIER = com.shiinayane.BiliKitMacTests;
				PRODUCT_NAME = "$(TARGET_NAME)";
				STRING_CATALOG_GENERATE_SYMBOLS = NO;
				SWIFT_APPROACHABLE_CONCURRENCY = YES;
				SWIFT_EMIT_LOC_STRINGS = NO;
				SWIFT_UPCOMING_FEATURE_MEMBER_IMPORT_VISIBILITY = YES;
				SWIFT_VERSION = 6.0;
				TEST_HOST = "$(BUILT_PRODUCTS_DIR)/BiliKit.app/$(BUNDLE_EXECUTABLE_FOLDER_PATH)/BiliKit";
			};
			name = Debug;
		};
		8DFA9027300F375600DF3E1D /* Release */ = {
			isa = XCBuildConfiguration;
			buildSettings = {
				BUNDLE_LOADER = "$(TEST_HOST)";
				CODE_SIGN_STYLE = Automatic;
				CURRENT_PROJECT_VERSION = 1;
				DEVELOPMENT_TEAM = MH7TKWQMF7;
				GENERATE_INFOPLIST_FILE = YES;
				MACOSX_DEPLOYMENT_TARGET = 15.0;
				MARKETING_VERSION = 1.0;
				PRODUCT_BUNDLE_IDENTIFIER = com.shiinayane.BiliKitMacTests;
				PRODUCT_NAME = "$(TARGET_NAME)";
				STRING_CATALOG_GENERATE_SYMBOLS = NO;
				SWIFT_APPROACHABLE_CONCURRENCY = YES;
				SWIFT_EMIT_LOC_STRINGS = NO;
				SWIFT_UPCOMING_FEATURE_MEMBER_IMPORT_VISIBILITY = YES;
				SWIFT_VERSION = 6.0;
				TEST_HOST = "$(BUILT_PRODUCTS_DIR)/BiliKit.app/$(BUNDLE_EXECUTABLE_FOLDER_PATH)/BiliKit";
			};
			name = Release;
		};
		8DFA9029300F375600DF3E1D /* Debug */ = {
			isa = XCBuildConfiguration;
			buildSettings = {
				CODE_SIGN_STYLE = Automatic;
				CURRENT_PROJECT_VERSION = 1;
				DEVELOPMENT_TEAM = MH7TKWQMF7;
				GENERATE_INFOPLIST_FILE = YES;
				MACOSX_DEPLOYMENT_TARGET = 15.0;
				MARKETING_VERSION = 1.0;
				PRODUCT_BUNDLE_IDENTIFIER = com.shiinayane.BiliKitMacUITests;
				PRODUCT_NAME = "$(TARGET_NAME)";
				STRING_CATALOG_GENERATE_SYMBOLS = NO;
				SWIFT_APPROACHABLE_CONCURRENCY = YES;
				SWIFT_EMIT_LOC_STRINGS = NO;
				SWIFT_UPCOMING_FEATURE_MEMBER_IMPORT_VISIBILITY = YES;
				SWIFT_VERSION = 6.0;
				TEST_TARGET_NAME = BiliKit;
			};
			name = Debug;
		};
		8DFA902A300F375600DF3E1D /* Release */ = {
			isa = XCBuildConfiguration;
			buildSettings = {
				CODE_SIGN_STYLE = Automatic;
				CURRENT_PROJECT_VERSION = 1;
				DEVELOPMENT_TEAM = MH7TKWQMF7;
				GENERATE_INFOPLIST_FILE = YES;
				MACOSX_DEPLOYMENT_TARGET = 15.0;
				MARKETING_VERSION = 1.0;
				PRODUCT_BUNDLE_IDENTIFIER = com.shiinayane.BiliKitMacUITests;
				PRODUCT_NAME = "$(TARGET_NAME)";
				STRING_CATALOG_GENERATE_SYMBOLS = NO;
				SWIFT_APPROACHABLE_CONCURRENCY = YES;
				SWIFT_EMIT_LOC_STRINGS = NO;
				SWIFT_UPCOMING_FEATURE_MEMBER_IMPORT_VISIBILITY = YES;
				SWIFT_VERSION = 6.0;
				TEST_TARGET_NAME = BiliKit;
			};
			name = Release;
		};
/* End XCBuildConfiguration section */

/* Begin XCConfigurationList section */
		8DFA8FFC300F375500DF3E1D /* Build configuration list for PBXProject "BiliKitMac" */ = {
			isa = XCConfigurationList;
			buildConfigurations = (
				8DFA9020300F375600DF3E1D /* Debug */,
				8DFA9021300F375600DF3E1D /* Release */,
			);
			defaultConfigurationIsVisible = 0;
			defaultConfigurationName = Release;
		};
		8DFA9022300F375600DF3E1D /* Build configuration list for PBXNativeTarget "BiliKitMac" */ = {
			isa = XCConfigurationList;
			buildConfigurations = (
				8DFA9023300F375600DF3E1D /* Debug */,
				8DFA9024300F375600DF3E1D /* Release */,
			);
			defaultConfigurationIsVisible = 0;
			defaultConfigurationName = Release;
		};
		8DFA9025300F375600DF3E1D /* Build configuration list for PBXNativeTarget "BiliKitMacTests" */ = {
			isa = XCConfigurationList;
			buildConfigurations = (
				8DFA9026300F375600DF3E1D /* Debug */,
				8DFA9027300F375600DF3E1D /* Release */,
			);
			defaultConfigurationIsVisible = 0;
			defaultConfigurationName = Release;
		};
		8DFA9028300F375600DF3E1D /* Build configuration list for PBXNativeTarget "BiliKitMacUITests" */ = {
			isa = XCConfigurationList;
			buildConfigurations = (
				8DFA9029300F375600DF3E1D /* Debug */,
				8DFA902A300F375600DF3E1D /* Release */,
			);
			defaultConfigurationIsVisible = 0;
			defaultConfigurationName = Release;
		};
/* End XCConfigurationList section */

/* Begin XCLocalSwiftPackageReference section */
		A10000000000000000000020 /* XCLocalSwiftPackageReference "Packages/BiliKitCore" */ = {
			isa = XCLocalSwiftPackageReference;
			relativePath = Packages/BiliKitCore;
		};
/* End XCLocalSwiftPackageReference section */

/* Begin XCSwiftPackageProductDependency section */
		A10000000000000000000011 /* BiliModels */ = {
			isa = XCSwiftPackageProductDependency;
			package = A10000000000000000000020 /* XCLocalSwiftPackageReference "Packages/BiliKitCore" */;
			productName = BiliModels;
		};
		A10000000000000000000012 /* BiliNetworking */ = {
			isa = XCSwiftPackageProductDependency;
			package = A10000000000000000000020 /* XCLocalSwiftPackageReference "Packages/BiliKitCore" */;
			productName = BiliNetworking;
		};
		A10000000000000000000013 /* BiliPlayback */ = {
			isa = XCSwiftPackageProductDependency;
			package = A10000000000000000000020 /* XCLocalSwiftPackageReference "Packages/BiliKitCore" */;
			productName = BiliPlayback;
		};
/* End XCSwiftPackageProductDependency section */
	};
	rootObject = 8DFA8FF9300F375500DF3E1D /* Project object */;
}
